
Microsoft Visual Studio Solution File, Format Version 12.00
# Visual Studio 14
VisualStudioVersion = 14.0.25123.0
MinimumVisualStudioVersion = 10.0.40219.1
Project("{FAE04EC0-301F-11D3-BF4B-00C04F79EFBC}") = "HealthCatalyst", "HealthCatalyst\HealthCatalyst.csproj", "{5AB7DE88-5675-409A-AA82-E5835FFF5ADF}"
EndProject
Project("{FAE04EC0-301F-11D3-BF4B-00C04F79EFBC}") = "HealthCatalyst.Tests", "HealthCatalyst.Tests\HealthCatalyst.Tests.csproj", "{09758A30-0C8E-4370-9838-0CB5F47B8EF1}"
EndProject
Global
	GlobalSection(SolutionConfigurationPlatforms) = preSolution
		Debug|Any CPU = Debug|Any CPU
		Release|Any CPU = Release|Any CPU
	EndGlobalSection
	GlobalSection(ProjectConfigurationPlatforms) = postSolution
		{5AB7DE88-5675-409A-AA82-E5835FFF5ADF}.Debug|Any CPU.ActiveCfg = Debug|Any CPU
		{5AB7DE88-5675-409A-AA82-E5835FFF5ADF}.Debug|Any CPU.Build.0 = Debug|Any CPU
		{5AB7DE88-5675-409A-AA82-E5835FFF5ADF}.Release|Any CPU.ActiveCfg = Release|Any CPU
		{5AB7DE88-5675-409A-AA82-E5835FFF5ADF}.Release|Any CPU.Build.0 = Release|Any CPU
		{09758A30-0C8E-4370-9838-0CB5F47B8EF1}.Debug|Any CPU.ActiveCfg = Debug|Any CPU
		{09758A30-0C8E-4370-9838-0CB5F47B8EF1}.Debug|Any CPU.Build.0 = Debug|Any CPU
		{09758A30-0C8E-4370-9838-0CB5F47B8EF1}.Release|Any CPU.ActiveCfg = Release|Any CPU
		{09758A30-0C8E-4370-9838-0CB5F47B8EF1}.Release|Any CPU.Build.0 = Release|Any CPU
	EndGlobalSection
	GlobalSection(SolutionProperties) = preSolution
		HideSolutionNode = FALSE
	EndGlobalSection
EndGlobal
